Microsoft Visual Studio Solution File, Format Version 12.00
# Visual Studio Version 17
VisualStudioVersion = 17.5.2.0
MinimumVisualStudioVersion = 10.0.40219.1
Project("{FAE04EC0-301F-11D3-BF4B-00C04F79EFBC}") = "SynapsePENS.Api", "SynapsePENS.Api.csproj", "{C98BBA0F-243E-740A-807D-15B31B446563}"
EndProject
Global
	GlobalSection(SolutionConfigurationPlatforms) = preSolution
		Debug|Any CPU = Debug|Any CPU
		Release|Any CPU = Release|Any CPU
	EndGlobalSection
	GlobalSection(ProjectConfigurationPlatforms) = postSolution
		{C98BBA0F-243E-740A-807D-15B31B446563}.Debug|Any CPU.ActiveCfg = Debug|Any CPU
		{C98BBA0F-243E-740A-807D-15B31B446563}.Debug|Any CPU.Build.0 = Debug|Any CPU
		{C98BBA0F-243E-740A-807D-15B31B446563}.Release|Any CPU.ActiveCfg = Release|Any CPU
		{C98BBA0F-243E-740A-807D-15B31B446563}.Release|Any CPU.Build.0 = Release|Any CPU
	EndGlobalSection
	GlobalSection(SolutionProperties) = preSolution
		HideSolutionNode = FALSE
	EndGlobalSection
	GlobalSection(ExtensibilityGlobals) = postSolution
		SolutionGuid = {95863E5E-5BB8-4589-93A6-C9DA9EEA3628}
	EndGlobalSection
EndGlobal
